// !$*UTF8*$!
{
	archiveVersion = 1;
	classes = {
	};
	objectVersion = 55;
	objects = {

/* Begin PBXBuildFile section */
		30688BD3286362D800EE4179 /* AppDelegate.swift in Sources */ = {isa = PBXBuildFile; fileRef = 30688BD2286362D800EE4179 /* AppDelegate.swift */; };
		30688BD5286362D800EE4179 /* SceneDelegate.swift in Sources */ = {isa = PBXBuildFile; fileRef = 30688BD4286362D800EE4179 /* SceneDelegate.swift */; };
		30688BD7286362D800EE4179 /* ViewController.swift in Sources */ = {isa = PBXBuildFile; fileRef = 30688BD6286362D800EE4179 /* ViewController.swift */; };
		30688BDA286362D800EE4179 /* Main.storyboard in Resources */ = {isa = PBXBuildFile; fileRef = 30688BD8286362D800EE4179 /* Main.storyboard */; };
		30688BDC286362DA00EE4179 /* Assets.xcassets in Resources */ = {isa = PBXBuildFile; fileRef = 30688BDB286362DA00EE4179 /* Assets.xcassets */; };
		30688BDF286362DA00EE4179 /* LaunchScreen.storyboard in Resources */ = {isa = PBXBuildFile; fileRef = 30688BDD286362DA00EE4179 /* LaunchScreen.storyboard */; };
		30688BEA286362DA00EE4179 /* EcommerceAppTests.swift in Sources */ = {isa = PBXBuildFile; fileRef = 30688BE9286362DA00EE4179 /* EcommerceAppTests.swift */; };
		30688BF4286362DA00EE4179 /* EcommerceAppUITests.swift in Sources */ = {isa = PBXBuildFile; fileRef = 30688BF3286362DA00EE4179 /* EcommerceAppUITests.swift */; };
		30688BF6286362DA00EE4179 /* EcommerceAppUITestsLaunchTests.swift in Sources */ = {isa = PBXBuildFile; fileRef = 30688BF5286362DA00EE4179 /* EcommerceAppUITestsLaunchTests.swift */; };
		30688C032863659900EE4179 /* StoreInfo.json in Resources */ = {isa = PBXBuildFile; fileRef = 30688C022863659900EE4179 /* StoreInfo.json */; };
		30688C052863663100EE4179 /* StoreItem.swift in Sources */ = {isa = PBXBuildFile; fileRef = 30688C042863663100EE4179 /* StoreItem.swift */; };
		30688C082863688C00EE4179 /* Products.json in Resources */ = {isa = PBXBuildFile; fileRef = 30688C072863688C00EE4179 /* Products.json */; };
		30688C0A28636B2200EE4179 /* ProductItem.swift in Sources */ = {isa = PBXBuildFile; fileRef = 30688C0928636B2200EE4179 /* ProductItem.swift */; };
		30688C0D28636D8600EE4179 /* OrderDone.json in Resources */ = {isa = PBXBuildFile; fileRef = 30688C0C28636D8600EE4179 /* OrderDone.json */; };
/* End PBXBuildFile section */

/* Begin PBXContainerItemProxy section */
		30688BE6286362DA00EE4179 /* PBXContainerItemProxy */ = {
			isa = PBXContainerItemProxy;
			containerPortal = 30688BC7286362D800EE4179 /* Project object */;
			proxyType = 1;
			remoteGlobalIDString = 30688BCE286362D800EE4179;
			remoteInfo = EcommerceApp;
		};
		30688BF0286362DA00EE4179 /* PBXContainerItemProxy */ = {
			isa = PBXContainerItemProxy;
			containerPortal = 30688BC7286362D800EE4179 /* Project object */;
			proxyType = 1;
			remoteGlobalIDString = 30688BCE286362D800EE4179;
			remoteInfo = EcommerceApp;
		};
/* End PBXContainerItemProxy section */

/* Begin PBXFileReference section */
		30688BCF286362D800EE4179 /* EcommerceApp.app */ = {isa = PBXFileReference; explicitFileType = wrapper.application; includeInIndex = 0; path = EcommerceApp.app; sourceTree = BUILT_PRODUCTS_DIR; };
		30688BD2286362D800EE4179 /* AppDelegate.swift */ = {isa = PBXFileReference; lastKnownFileType = sourcecode.swift; path = AppDelegate.swift; sourceTree = "<group>"; };
		30688BD4286362D800EE4179 /* SceneDelegate.swift */ = {isa = PBXFileReference; lastKnownFileType = sourcecode.swift; path = SceneDelegate.swift; sourceTree = "<group>"; };
		30688BD6286362D800EE4179 /* ViewController.swift */ = {isa = PBXFileReference; lastKnownFileType = sourcecode.swift; path = ViewController.swift; sourceTree = "<group>"; };
		30688BD9286362D800EE4179 /* Base */ = {isa = PBXFileReference; lastKnownFileType = file.storyboard; name = Base; path = Base.lproj/Main.storyboard; sourceTree = "<group>"; };
		30688BDB286362DA00EE4179 /* Assets.xcassets */ = {isa = PBXFileReference; lastKnownFileType = folder.assetcatalog; path = Assets.xcassets; sourceTree = "<group>"; };
		30688BDE286362DA00EE4179 /* Base */ = {isa = PBXFileReference; lastKnownFileType = file.storyboard; name = Base; path = Base.lproj/LaunchScreen.storyboard; sourceTree = "<group>"; };
		30688BE0286362DA00EE4179 /* Info.plist */ = {isa = PBXFileReference; lastKnownFileType = text.plist.xml; path = Info.plist; sourceTree = "<group>"; };
		30688BE5286362DA00EE4179 /* EcommerceAppTests.xctest */ = {isa = PBXFileReference; explicitFileType = wrapper.cfbundle; includeInIndex = 0; path = EcommerceAppTests.xctest; sourceTree = BUILT_PRODUCTS_DIR; };
		30688BE9286362DA00EE4179 /* EcommerceAppTests.swift */ = {isa = PBXFileReference; lastKnownFileType = sourcecode.swift; path = EcommerceAppTests.swift; sourceTree = "<group>"; };
		30688BEF286362DA00EE4179 /* EcommerceAppUITests.xctest */ = {isa = PBXFileReference; explicitFileType = wrapper.cfbundle; includeInIndex = 0; path = EcommerceAppUITests.xctest; sourceTree = BUILT_PRODUCTS_DIR; };
		30688BF3286362DA00EE4179 /* EcommerceAppUITests.swift */ = {isa = PBXFileReference; lastKnownFileType = sourcecode.swift; path = EcommerceAppUITests.swift; sourceTree = "<group>"; };
		30688BF5286362DA00EE4179 /* EcommerceAppUITestsLaunchTests.swift */ = {isa = PBXFileReference; lastKnownFileType = sourcecode.swift; path = EcommerceAppUITestsLaunchTests.swift; sourceTree = "<group>"; };
		30688C022863659900EE4179 /* StoreInfo.json */ = {isa = PBXFileReference; lastKnownFileType = text.json; path = StoreInfo.json; sourceTree = "<group>"; };
		30688C042863663100EE4179 /* StoreItem.swift */ = {isa = PBXFileReference; lastKnownFileType = sourcecode.swift; path = StoreItem.swift; sourceTree = "<group>"; };
		30688C072863688C00EE4179 /* Products.json */ = {isa = PBXFileReference; lastKnownFileType = text.json; path = Products.json; sourceTree = "<group>"; };
		30688C0928636B2200EE4179 /* ProductItem.swift */ = {isa = PBXFileReference; lastKnownFileType = sourcecode.swift; path = ProductItem.swift; sourceTree = "<group>"; };
		30688C0C28636D8600EE4179 /* OrderDone.json */ = {isa = PBXFileReference; lastKnownFileType = text.json; path = OrderDone.json; sourceTree = "<group>"; };
/* End PBXFileReference section */

/* Begin PBXFrameworksBuildPhase section */
		30688BCC286362D800EE4179 /* Frameworks */ = {
			isa = PBXFrameworksBuildPhase;
			buildActionMask = 2147483647;
			files = (
			);
			runOnlyForDeploymentPostprocessing = 0;
		};
		30688BE2286362DA00EE4179 /* Frameworks */ = {
			isa = PBXFrameworksBuildPhase;
			buildActionMask = 2147483647;
			files = (
			);
			runOnlyForDeploymentPostprocessing = 0;
		};
		30688BEC286362DA00EE4179 /* Frameworks */ = {
			isa = PBXFrameworksBuildPhase;
			buildActionMask = 2147483647;
			files = (
			);
			runOnlyForDeploymentPostprocessing = 0;
		};
/* End PBXFrameworksBuildPhase section */

/* Begin PBXGroup section */
		30688BC6286362D800EE4179 = {
			isa = PBXGroup;
			children = (
				30688BD1286362D800EE4179 /* EcommerceApp */,
				30688BE8286362DA00EE4179 /* EcommerceAppTests */,
				30688BF2286362DA00EE4179 /* EcommerceAppUITests */,
				30688BD0286362D800EE4179 /* Products */,
			);
			sourceTree = "<group>";
		};
		30688BD0286362D800EE4179 /* Products */ = {
			isa = PBXGroup;
			children = (
				30688BCF286362D800EE4179 /* EcommerceApp.app */,
				30688BE5286362DA00EE4179 /* EcommerceAppTests.xctest */,
				30688BEF286362DA00EE4179 /* EcommerceAppUITests.xctest */,
			);
			name = Products;
			sourceTree = "<group>";
		};
		30688BD1286362D800EE4179 /* EcommerceApp */ = {
			isa = PBXGroup;
			children = (
				30688C0B28636CA300EE4179 /* Products */,
				30688C06286366E200EE4179 /* Store */,
				30688BD2286362D800EE4179 /* AppDelegate.swift */,
				30688BD4286362D800EE4179 /* SceneDelegate.swift */,
				30688BD6286362D800EE4179 /* ViewController.swift */,
				30688BD8286362D800EE4179 /* Main.storyboard */,
				30688BDB286362DA00EE4179 /* Assets.xcassets */,
				30688BDD286362DA00EE4179 /* LaunchScreen.storyboard */,
				30688BE0286362DA00EE4179 /* Info.plist */,
				30688C0C28636D8600EE4179 /* OrderDone.json */,
			);
			path = EcommerceApp;
			sourceTree = "<group>";
		};
		30688BE8286362DA00EE4179 /* EcommerceAppTests */ = {
			isa = PBXGroup;
			children = (
				30688BE9286362DA00EE4179 /* EcommerceAppTests.swift */,
			);
			path = EcommerceAppTests;
			sourceTree = "<group>";
		};
		30688BF2286362DA00EE4179 /* EcommerceAppUITests */ = {
			isa = PBXGroup;
			children = (
				30688BF3286362DA00EE4179 /* EcommerceAppUITests.swift */,
				30688BF5286362DA00EE4179 /* EcommerceAppUITestsLaunchTests.swift */,
			);
			path = EcommerceAppUITests;
			sourceTree = "<group>";
		};
		30688C06286366E200EE4179 /* Store */ = {
			isa = PBXGroup;
			children = (
				30688C022863659900EE4179 /* StoreInfo.json */,
				30688C042863663100EE4179 /* StoreItem.swift */,
			);
			path = Store;
			sourceTree = "<group>";
		};
		30688C0B28636CA300EE4179 /* Products */ = {
			isa = PBXGroup;
			children = (
				30688C072863688C00EE4179 /* Products.json */,
				30688C0928636B2200EE4179 /* ProductItem.swift */,
			);
			path = Products;
			sourceTree = "<group>";
		};
/* End PBXGroup section */

/* Begin PBXNativeTarget section */
		30688BCE286362D800EE4179 /* EcommerceApp */ = {
			isa = PBXNativeTarget;
			buildConfigurationList = 30688BF9286362DA00EE4179 /* Build configuration list for PBXNativeTarget "EcommerceApp" */;
			buildPhases = (
				30688BCB286362D800EE4179 /* Sources */,
				30688BCC286362D800EE4179 /* Frameworks */,
				30688BCD286362D800EE4179 /* Resources */,
			);
			buildRules = (
			);
			dependencies = (
			);
			name = EcommerceApp;
			productName = EcommerceApp;
			productReference = 30688BCF286362D800EE4179 /* EcommerceApp.app */;
			productType = "com.apple.product-type.application";
		};
		30688BE4286362DA00EE4179 /* EcommerceAppTests */ = {
			isa = PBXNativeTarget;
			buildConfigurationList = 30688BFC286362DA00EE4179 /* Build configuration list for PBXNativeTarget "EcommerceAppTests" */;
			buildPhases = (
				30688BE1286362DA00EE4179 /* Sources */,
				30688BE2286362DA00EE4179 /* Frameworks */,
				30688BE3286362DA00EE4179 /* Resources */,
			);
			buildRules = (
			);
			dependencies = (
				30688BE7286362DA00EE4179 /* PBXTargetDependency */,
			);
			name = EcommerceAppTests;
			productName = EcommerceAppTests;
			productReference = 30688BE5286362DA00EE4179 /* EcommerceAppTests.xctest */;
			productType = "com.apple.product-type.bundle.unit-test";
		};
		30688BEE286362DA00EE4179 /* EcommerceAppUITests */ = {
			isa = PBXNativeTarget;
			buildConfigurationList = 30688BFF286362DA00EE4179 /* Build configuration list for PBXNativeTarget "EcommerceAppUITests" */;
			buildPhases = (
				30688BEB286362DA00EE4179 /* Sources */,
				30688BEC286362DA00EE4179 /* Frameworks */,
				30688BED286362DA00EE4179 /* Resources */,
			);
			buildRules = (
			);
			dependencies = (
				30688BF1286362DA00EE4179 /* PBXTargetDependency */,
			);
			name = EcommerceAppUITests;
			productName = EcommerceAppUITests;
			productReference = 30688BEF286362DA00EE4179 /* EcommerceAppUITests.xctest */;
			productType = "com.apple.product-type.bundle.ui-testing";
		};
/* End PBXNativeTarget section */

/* Begin PBXProject section */
		30688BC7286362D800EE4179 /* Project object */ = {
			isa = PBXProject;
			attributes = {
				BuildIndependentTargetsInParallel = 1;
				LastSwiftUpdateCheck = 1340;
				LastUpgradeCheck = 1340;
				TargetAttributes = {
					30688BCE286362D800EE4179 = {
						CreatedOnToolsVersion = 13.4.1;
					};
					30688BE4286362DA00EE4179 = {
						CreatedOnToolsVersion = 13.4.1;
						TestTargetID = 30688BCE286362D800EE4179;
					};
					30688BEE286362DA00EE4179 = {
						CreatedOnToolsVersion = 13.4.1;
						TestTargetID = 30688BCE286362D800EE4179;
					};
				};
			};
			buildConfigurationList = 30688BCA286362D800EE4179 /* Build configuration list for PBXProject "EcommerceApp" */;
			compatibilityVersion = "Xcode 13.0";
			developmentRegion = en;
			hasScannedForEncodings = 0;
			knownRegions = (
				en,
				Base,
			);
			mainGroup = 30688BC6286362D800EE4179;
			productRefGroup = 30688BD0286362D800EE4179 /* Products */;
			projectDirPath = "";
			projectRoot = "";
			targets = (
				30688BCE286362D800EE4179 /* EcommerceApp */,
				30688BE4286362DA00EE4179 /* EcommerceAppTests */,
				30688BEE286362DA00EE4179 /* EcommerceAppUITests */,
			);
		};
/* End PBXProject section */

/* Begin PBXResourcesBuildPhase section */
		30688BCD286362D800EE4179 /* Resources */ = {
			isa = PBXResourcesBuildPhase;
			buildActionMask = 2147483647;
			files = (
				30688BDF286362DA00EE4179 /* LaunchScreen.storyboard in Resources */,
				30688BDC286362DA00EE4179 /* Assets.xcassets in Resources */,
				30688BDA286362D800EE4179 /* Main.storyboard in Resources */,
				30688C032863659900EE4179 /* StoreInfo.json in Resources */,
				30688C0D28636D8600EE4179 /* OrderDone.json in Resources */,
				30688C082863688C00EE4179 /* Products.json in Resources */,
			);
			runOnlyForDeploymentPostprocessing = 0;
		};
		30688BE3286362DA00EE4179 /* Resources */ = {
			isa = PBXResourcesBuildPhase;
			buildActionMask = 2147483647;
			files = (
			);
			runOnlyForDeploymentPostprocessing = 0;
		};
		30688BED286362DA00EE4179 /* Resources */ = {
			isa = PBXResourcesBuildPhase;
			buildActionMask = 2147483647;
			files = (
			);
			runOnlyForDeploymentPostprocessing = 0;
		};
/* End PBXResourcesBuildPhase section */

/* Begin PBXSourcesBuildPhase section */
		30688BCB286362D800EE4179 /* Sources */ = {
			isa = PBXSourcesBuildPhase;
			buildActionMask = 2147483647;
			files = (
				30688BD7286362D800EE4179 /* ViewController.swift in Sources */,
				30688BD3286362D800EE4179 /* AppDelegate.swift in Sources */,
				30688C0A28636B2200EE4179 /* ProductItem.swift in Sources */,
				30688C052863663100EE4179 /* StoreItem.swift in Sources */,
				30688BD5286362D800EE4179 /* SceneDelegate.swift in Sources */,
			);
			runOnlyForDeploymentPostprocessing = 0;
		};
		30688BE1286362DA00EE4179 /* Sources */ = {
			isa = PBXSourcesBuildPhase;
			buildActionMask = 2147483647;
			files = (
				30688BEA286362DA00EE4179 /* EcommerceAppTests.swift in Sources */,
			);
			runOnlyForDeploymentPostprocessing = 0;
		};
		30688BEB286362DA00EE4179 /* Sources */ = {
			isa = PBXSourcesBuildPhase;
			buildActionMask = 2147483647;
			files = (
				30688BF4286362DA00EE4179 /* EcommerceAppUITests.swift in Sources */,
				30688BF6286362DA00EE4179 /* EcommerceAppUITestsLaunchTests.swift in Sources */,
			);
			runOnlyForDeploymentPostprocessing = 0;
		};
/* End PBXSourcesBuildPhase section */

/* Begin PBXTargetDependency section */
		30688BE7286362DA00EE4179 /* PBXTargetDependency */ = {
			isa = PBXTargetDependency;
			target = 30688BCE286362D800EE4179 /* EcommerceApp */;
			targetProxy = 30688BE6286362DA00EE4179 /* PBXContainerItemProxy */;
		};
		30688BF1286362DA00EE4179 /* PBXTargetDependency */ = {
			isa = PBXTargetDependency;
			target = 30688BCE286362D800EE4179 /* EcommerceApp */;
			targetProxy = 30688BF0286362DA00EE4179 /* PBXContainerItemProxy */;
		};
/* End PBXTargetDependency section */

/* Begin PBXVariantGroup section */
		30688BD8286362D800EE4179 /* Main.storyboard */ = {
			isa = PBXVariantGroup;
			children = (
				30688BD9286362D800EE4179 /* Base */,
			);
			name = Main.storyboard;
			sourceTree = "<group>";
		};
		30688BDD286362DA00EE4179 /* LaunchScreen.storyboard */ = {
			isa = PBXVariantGroup;
			children = (
				30688BDE286362DA00EE4179 /* Base */,
			);
			name = LaunchScreen.storyboard;
			sourceTree = "<group>";
		};
/* End PBXVariantGroup section */

/* Begin XCBuildConfiguration section */
		30688BF7286362DA00EE4179 /* Debug */ = {
			isa = XCBuildConfiguration;
			buildSettings = {
				ALWAYS_SEARCH_USER_PATHS = NO;
				CLANG_ANALYZER_NONNULL = YES;
				CLANG_ANALYZER_NUMBER_OBJECT_CONVERSION = YES_AGGRESSIVE;
				CLANG_CXX_LANGUAGE_STANDARD = "gnu++17";
				CLANG_ENABLE_MODULES = YES;
				CLANG_ENABLE_OBJC_ARC = YES;
				CLANG_ENABLE_OBJC_WEAK = YES;
				CLANG_WARN_BLOCK_CAPTURE_AUTORELEASING = YES;
				CLANG_WARN_BOOL_CONVERSION = YES;
				CLANG_WARN_COMMA = YES;
				CLANG_WARN_CONSTANT_CONVERSION = YES;
				CLANG_WARN_DEPRECATED_OBJC_IMPLEMENTATIONS = YES;
				CLANG_WARN_DIRECT_OBJC_ISA_USAGE = YES_ERROR;
				CLANG_WARN_DOCUMENTATION_COMMENTS = YES;
				CLANG_WARN_EMPTY_BODY = YES;
				CLANG_WARN_ENUM_CONVERSION = YES;
				CLANG_WARN_INFINITE_RECURSION = YES;
				CLANG_WARN_INT_CONVERSION = YES;
				CLANG_WARN_NON_LITERAL_NULL_CONVERSION = YES;
				CLANG_WARN_OBJC_IMPLICIT_RETAIN_SELF = YES;
				CLANG_WARN_OBJC_LITERAL_CONVERSION = YES;
				CLANG_WARN_OBJC_ROOT_CLASS = YES_ERROR;
				CLANG_WARN_QUOTED_INCLUDE_IN_FRAMEWORK_HEADER = YES;
				CLANG_WARN_RANGE_LOOP_ANALYSIS = YES;
				CLANG_WARN_STRICT_PROTOTYPES = YES;
				CLANG_WARN_SUSPICIOUS_MOVE = YES;
				CLANG_WARN_UNGUARDED_AVAILABILITY = YES_AGGRESSIVE;
				CLANG_WARN_UNREACHABLE_CODE = YES;
				CLANG_WARN__DUPLICATE_METHOD_MATCH = YES;
				COPY_PHASE_STRIP = NO;
				DEBUG_INFORMATION_FORMAT = dwarf;
				ENABLE_STRICT_OBJC_MSGSEND = YES;
				ENABLE_TESTABILITY = YES;
				GCC_C_LANGUAGE_STANDARD = gnu11;
				GCC_DYNAMIC_NO_PIC = NO;
				GCC_NO_COMMON_BLOCKS = YES;
				GCC_OPTIMIZATION_LEVEL = 0;
				GCC_PREPROCESSOR_DEFINITIONS = (
					"DEBUG=1",
					"$(inherited)",
				);
				GCC_WARN_64_TO_32_BIT_CONVERSION = YES;
				GCC_WARN_ABOUT_RETURN_TYPE = YES_ERROR;
				GCC_WARN_UNDECLARED_SELECTOR = YES;
				GCC_WARN_UNINITIALIZED_AUTOS = YES_AGGRESSIVE;
				GCC_WARN_UNUSED_FUNCTION = YES;
				GCC_WARN_UNUSED_VARIABLE = YES;
				IPHONEOS_DEPLOYMENT_TARGET = 15.5;
				MTL_ENABLE_DEBUG_INFO = INCLUDE_SOURCE;
				MTL_FAST_MATH = YES;
				ONLY_ACTIVE_ARCH = YES;
				SDKROOT = iphoneos;
				SWIFT_ACTIVE_COMPILATION_CONDITIONS = DEBUG;
				SWIFT_OPTIMIZATION_LEVEL = "-Onone";
			};
			name = Debug;
		};
		30688BF8286362DA00EE4179 /* Release */ = {
			isa = XCBuildConfiguration;
			buildSettings = {
				ALWAYS_SEARCH_USER_PATHS = NO;
				CLANG_ANALYZER_NONNULL = YES;
				CLANG_ANALYZER_NUMBER_OBJECT_CONVERSION = YES_AGGRESSIVE;
				CLANG_CXX_LANGUAGE_STANDARD = "gnu++17";
				CLANG_ENABLE_MODULES = YES;
				CLANG_ENABLE_OBJC_ARC = YES;
				CLANG_ENABLE_OBJC_WEAK = YES;
				CLANG_WARN_BLOCK_CAPTURE_AUTORELEASING = YES;
				CLANG_WARN_BOOL_CONVERSION = YES;
				CLANG_WARN_COMMA = YES;
				CLANG_WARN_CONSTANT_CONVERSION = YES;
				CLANG_WARN_DEPRECATED_OBJC_IMPLEMENTATIONS = YES;
				CLANG_WARN_DIRECT_OBJC_ISA_USAGE = YES_ERROR;
				CLANG_WARN_DOCUMENTATION_COMMENTS = YES;
				CLANG_WARN_EMPTY_BODY = YES;
				CLANG_WARN_ENUM_CONVERSION = YES;
				CLANG_WARN_INFINITE_RECURSION = YES;
				CLANG_WARN_INT_CONVERSION = YES;
				CLANG_WARN_NON_LITERAL_NULL_CONVERSION = YES;
				CLANG_WARN_OBJC_IMPLICIT_RETAIN_SELF = YES;
				CLANG_WARN_OBJC_LITERAL_CONVERSION = YES;
				CLANG_WARN_OBJC_ROOT_CLASS = YES_ERROR;
				CLANG_WARN_QUOTED_INCLUDE_IN_FRAMEWORK_HEADER = YES;
				CLANG_WARN_RANGE_LOOP_ANALYSIS = YES;
				CLANG_WARN_STRICT_PROTOTYPES = YES;
				CLANG_WARN_SUSPICIOUS_MOVE = YES;
				CLANG_WARN_UNGUARDED_AVAILABILITY = YES_AGGRESSIVE;
				CLANG_WARN_UNREACHABLE_CODE = YES;
				CLANG_WARN__DUPLICATE_METHOD_MATCH = YES;
				COPY_PHASE_STRIP = NO;
				DEBUG_INFORMATION_FORMAT = "dwarf-with-dsym";
				ENABLE_NS_ASSERTIONS = NO;
				ENABLE_STRICT_OBJC_MSGSEND = YES;
				GCC_C_LANGUAGE_STANDARD = gnu11;
				GCC_NO_COMMON_BLOCKS = YES;
				GCC_WARN_64_TO_32_BIT_CONVERSION = YES;
				GCC_WARN_ABOUT_RETURN_TYPE = YES_ERROR;
				GCC_WARN_UNDECLARED_SELECTOR = YES;
				GCC_WARN_UNINITIALIZED_AUTOS = YES_AGGRESSIVE;
				GCC_WARN_UNUSED_FUNCTION = YES;
				GCC_WARN_UNUSED_VARIABLE = YES;
				IPHONEOS_DEPLOYMENT_TARGET = 15.5;
				MTL_ENABLE_DEBUG_INFO = NO;
				MTL_FAST_MATH = YES;
				SDKROOT = iphoneos;
				SWIFT_COMPILATION_MODE = wholemodule;
				SWIFT_OPTIMIZATION_LEVEL = "-O";
				VALIDATE_PRODUCT = YES;
			};
			name = Release;
		};
		30688BFA286362DA00EE4179 /* Debug */ = {
			isa = XCBuildConfiguration;
			buildSettings = {
				ASSETCATALOG_COMPILER_APPICON_NAME = AppIcon;
				ASSETCATALOG_COMPILER_GLOBAL_ACCENT_COLOR_NAME = AccentColor;
				CODE_SIGN_STYLE = Automatic;
				CURRENT_PROJECT_VERSION = 1;
				GENERATE_INFOPLIST_FILE = YES;
				INFOPLIST_FILE = EcommerceApp/Info.plist;
				INFOPLIST_KEY_UIApplicationSupportsIndirectInputEvents = YES;
				INFOPLIST_KEY_UILaunchStoryboardName = LaunchScreen;
				INFOPLIST_KEY_UIMainStoryboardFile = Main;
				INFOPLIST_KEY_UISupportedInterfaceOrientations_iPad = "UIInterfaceOrientationPortrait UIInterfaceOrientationPortraitUpsideDown UIInterfaceOrientationLandscapeLeft UIInterfaceOrientationLandscapeRight";
				INFOPLIST_KEY_UISupportedInterfaceOrientations_iPhone = "UIInterfaceOrientationPortrait UIInterfaceOrientationLandscapeLeft UIInterfaceOrientationLandscapeRight";
				LD_RUNPATH_SEARCH_PATHS = (
					"$(inherited)",
					"@executable_path/Frameworks",
				);
				MARKETING_VERSION = 1.0;
				PRODUCT_BUNDLE_IDENTIFIER = com.pratik.EcommerceApp;
				PRODUCT_NAME = "$(TARGET_NAME)";
				SWIFT_EMIT_LOC_STRINGS = YES;
				SWIFT_VERSION = 5.0;
				TARGETED_DEVICE_FAMILY = "1,2";
			};
			name = Debug;
		};
		30688BFB286362DA00EE4179 /* Release */ = {
			isa = XCBuildConfiguration;
			buildSettings = {
				ASSETCATALOG_COMPILER_APPICON_NAME = AppIcon;
				ASSETCATALOG_COMPILER_GLOBAL_ACCENT_COLOR_NAME = AccentColor;
				CODE_SIGN_STYLE = Automatic;
				CURRENT_PROJECT_VERSION = 1;
				GENERATE_INFOPLIST_FILE = YES;
				INFOPLIST_FILE = EcommerceApp/Info.plist;
				INFOPLIST_KEY_UIApplicationSupportsIndirectInputEvents = YES;
				INFOPLIST_KEY_UILaunchStoryboardName = LaunchScreen;
				INFOPLIST_KEY_UIMainStoryboardFile = Main;
				INFOPLIST_KEY_UISupportedInterfaceOrientations_iPad = "UIInterfaceOrientationPortrait UIInterfaceOrientationPortraitUpsideDown UIInterfaceOrientationLandscapeLeft UIInterfaceOrientationLandscapeRight";
				INFOPLIST_KEY_UISupportedInterfaceOrientations_iPhone = "UIInterfaceOrientationPortrait UIInterfaceOrientationLandscapeLeft UIInterfaceOrientationLandscapeRight";
				LD_RUNPATH_SEARCH_PATHS = (
					"$(inherited)",
					"@executable_path/Frameworks",
				);
				MARKETING_VERSION = 1.0;
				PRODUCT_BUNDLE_IDENTIFIER = com.pratik.EcommerceApp;
				PRODUCT_NAME = "$(TARGET_NAME)";
				SWIFT_EMIT_LOC_STRINGS = YES;
				SWIFT_VERSION = 5.0;
				TARGETED_DEVICE_FAMILY = "1,2";
			};
			name = Release;
		};
		30688BFD286362DA00EE4179 /* Debug */ = {
			isa = XCBuildConfiguration;
			buildSettings = {
				ALWAYS_EMBED_SWIFT_STANDARD_LIBRARIES = YES;
				BUNDLE_LOADER = "$(TEST_HOST)";
				CODE_SIGN_STYLE = Automatic;
				CURRENT_PROJECT_VERSION = 1;
				GENERATE_INFOPLIST_FILE = YES;
				IPHONEOS_DEPLOYMENT_TARGET = 15.5;
				MARKETING_VERSION = 1.0;
				PRODUCT_BUNDLE_IDENTIFIER = com.pratik.EcommerceAppTests;
				PRODUCT_NAME = "$(TARGET_NAME)";
				SWIFT_EMIT_LOC_STRINGS = NO;
				SWIFT_VERSION = 5.0;
				TARGETED_DEVICE_FAMILY = "1,2";
				TEST_HOST = "$(BUILT_PRODUCTS_DIR)/EcommerceApp.app/EcommerceApp";
			};
			name = Debug;
		};
		30688BFE286362DA00EE4179 /* Release */ = {
			isa = XCBuildConfiguration;
			buildSettings = {
				ALWAYS_EMBED_SWIFT_STANDARD_LIBRARIES = YES;
				BUNDLE_LOADER = "$(TEST_HOST)";
				CODE_SIGN_STYLE = Automatic;
				CURRENT_PROJECT_VERSION = 1;
				GENERATE_INFOPLIST_FILE = YES;
				IPHONEOS_DEPLOYMENT_TARGET = 15.5;
				MARKETING_VERSION = 1.0;
				PRODUCT_BUNDLE_IDENTIFIER = com.pratik.EcommerceAppTests;
				PRODUCT_NAME = "$(TARGET_NAME)";
				SWIFT_EMIT_LOC_STRINGS = NO;
				SWIFT_VERSION = 5.0;
				TARGETED_DEVICE_FAMILY = "1,2";
				TEST_HOST = "$(BUILT_PRODUCTS_DIR)/EcommerceApp.app/EcommerceApp";
			};
			name = Release;
		};
		30688C00286362DA00EE4179 /* Debug */ = {
			isa = XCBuildConfiguration;
			buildSettings = {
				ALWAYS_EMBED_SWIFT_STANDARD_LIBRARIES = YES;
				CODE_SIGN_STYLE = Automatic;
				CURRENT_PROJECT_VERSION = 1;
				GENERATE_INFOPLIST_FILE = YES;
				MARKETING_VERSION = 1.0;
				PRODUCT_BUNDLE_IDENTIFIER = com.pratik.EcommerceAppUITests;
				PRODUCT_NAME = "$(TARGET_NAME)";
				SWIFT_EMIT_LOC_STRINGS = NO;
				SWIFT_VERSION = 5.0;
				TARGETED_DEVICE_FAMILY = "1,2";
				TEST_TARGET_NAME = EcommerceApp;
			};
			name = Debug;
		};
		30688C01286362DA00EE4179 /* Release */ = {
			isa = XCBuildConfiguration;
			buildSettings = {
				ALWAYS_EMBED_SWIFT_STANDARD_LIBRARIES = YES;
				CODE_SIGN_STYLE = Automatic;
				CURRENT_PROJECT_VERSION = 1;
				GENERATE_INFOPLIST_FILE = YES;
				MARKETING_VERSION = 1.0;
				PRODUCT_BUNDLE_IDENTIFIER = com.pratik.EcommerceAppUITests;
				PRODUCT_NAME = "$(TARGET_NAME)";
				SWIFT_EMIT_LOC_STRINGS = NO;
				SWIFT_VERSION = 5.0;
				TARGETED_DEVICE_FAMILY = "1,2";
				TEST_TARGET_NAME = EcommerceApp;
			};
			name = Release;
		};
/* End XCBuildConfiguration section */

/* Begin XCConfigurationList section */
		30688BCA286362D800EE4179 /* Build configuration list for PBXProject "EcommerceApp" */ = {
			isa = XCConfigurationList;
			buildConfigurations = (
				30688BF7286362DA00EE4179 /* Debug */,
				30688BF8286362DA00EE4179 /* Release */,
			);
			defaultConfigurationIsVisible = 0;
			defaultConfigurationName = Release;
		};
		30688BF9286362DA00EE4179 /* Build configuration list for PBXNativeTarget "EcommerceApp" */ = {
			isa = XCConfigurationList;
			buildConfigurations = (
				30688BFA286362DA00EE4179 /* Debug */,
				30688BFB286362DA00EE4179 /* Release */,
			);
			defaultConfigurationIsVisible = 0;
			defaultConfigurationName = Release;
		};
		30688BFC286362DA00EE4179 /* Build configuration list for PBXNativeTarget "EcommerceAppTests" */ = {
			isa = XCConfigurationList;
			buildConfigurations = (
				30688BFD286362DA00EE4179 /* Debug */,
				30688BFE286362DA00EE4179 /* Release */,
			);
			defaultConfigurationIsVisible = 0;
			defaultConfigurationName = Release;
		};
		30688BFF286362DA00EE4179 /* Build configuration list for PBXNativeTarget "EcommerceAppUITests" */ = {
			isa = XCConfigurationList;
			buildConfigurations = (
				30688C00286362DA00EE4179 /* Debug */,
				30688C01286362DA00EE4179 /* Release */,
			);
			defaultConfigurationIsVisible = 0;
			defaultConfigurationName = Release;
		};
/* End XCConfigurationList section */
	};
	rootObject = 30688BC7286362D800EE4179 /* Project object */;
}
